Microsoft Visual Studio Solution File, Format Version 12.00
Project("{9A19103F-16F7-4668-BE54-9A1E7A4F7556}") = "MSBuild.EnsureFileHeaders", "MSBuild.EnsureFileHeaders.csproj", "{33B739DD-666A-42C4-BC5C-078D024B8F08}"
EndProject
Project("{2150E333-8FDC-42A3-9474-1A3956D46DE8}") = "src", "src", "{C9BF9C17-BF4C-456E-82A2-57B48EF3C192}"
EndProject
Global
    GlobalSection(SolutionConfigurationPlatforms) = preSolution
        Testing|Any CPU = Testing|Any CPU
        Local|Any CPU = Local|Any CPU
        Debug|Any CPU = Debug|Any CPU
        Staging|Any CPU = Staging|Any CPU
        Release|Any CPU = Release|Any CPU
    EndGlobalSection
    GlobalSection(ProjectConfigurationPlatforms) = postSolution
        {33B739DD-666A-42C4-BC5C-078D024B8F08}.Testing|Any CPU.ActiveCfg = Testing|Any CPU
        {33B739DD-666A-42C4-BC5C-078D024B8F08}.Testing|Any CPU.Build.0 = Testing|Any CPU
        {33B739DD-666A-42C4-BC5C-078D024B8F08}.Local|Any CPU.ActiveCfg = Local|Any CPU
        {33B739DD-666A-42C4-BC5C-078D024B8F08}.Local|Any CPU.Build.0 = Local|Any CPU
        {33B739DD-666A-42C4-BC5C-078D024B8F08}.Debug|Any CPU.ActiveCfg = Debug|Any CPU
        {33B739DD-666A-42C4-BC5C-078D024B8F08}.Debug|Any CPU.Build.0 = Debug|Any CPU
        {33B739DD-666A-42C4-BC5C-078D024B8F08}.Staging|Any CPU.ActiveCfg = Staging|Any CPU
        {33B739DD-666A-42C4-BC5C-078D024B8F08}.Staging|Any CPU.Build.0 = Staging|Any CPU
        {33B739DD-666A-42C4-BC5C-078D024B8F08}.Release|Any CPU.ActiveCfg = Release|Any CPU
        {33B739DD-666A-42C4-BC5C-078D024B8F08}.Release|Any CPU.Build.0 = Release|Any CPU
    EndGlobalSection
    GlobalSection(SolutionProperties) = preSolution
        HideSolutionNode = FALSE
    EndGlobalSection
    GlobalSection(NestedProjects) = preSolution
        {33B739DD-666A-42C4-BC5C-078D024B8F08} = {C9BF9C17-BF4C-456E-82A2-57B48EF3C192}
    EndGlobalSection
    GlobalSection(ExtensibilityGlobals) = postSolution
        SolutionGuid = {17A4CE36-A2FB-40F9-A6A7-02054C1565F2}
    EndGlobalSection
EndGlobal
